
Microsoft Visual Studio Solution File, Format Version 12.00
# Visual Studio Version 16
VisualStudioVersion = 16.0.30503.244
MinimumVisualStudioVersion = 10.0.40219.1
Project("{2150E333-8FDC-42A3-9474-1A3956D46DE8}") = "Tests", "Tests", "{B5324D91-FA6E-4538-86ED-92A14B602EA5}"
EndProject
Project("{00D1A9C2-B5F0-4AF3-8072-F6C62B433612}") = "SFA.DAS.EmploymentCheck.Database", "SFA.DAS.EmploymentCheck.Database\SFA.DAS.EmploymentCheck.Database.sqlproj", "{8A55EB79-ED7B-47E9-A3EB-B5043371C356}"
EndProject
Project("{9A19103F-16F7-4668-BE54-9A1E7A4F7556}") = "SFA.DAS.EmploymentCheck.Functions", "SFA.DAS.EmploymentCheck.Functions\SFA.DAS.EmploymentCheck.Functions.csproj", "{5E0EACCB-983C-4431-985B-97246E23BFDB}"
EndProject
Project("{9A19103F-16F7-4668-BE54-9A1E7A4F7556}") = "SFA.DAS.EmploymentCheck.TestHarness", "SFA.DAS.EmploymentCheck.TestHarness\SFA.DAS.EmploymentCheck.TestHarness.csproj", "{CD58C8E3-703B-4B6E-9609-195BBDDC47B9}"
EndProject
Project("{9A19103F-16F7-4668-BE54-9A1E7A4F7556}") = "SFA.DAS.EmploymentCheck.TokenServiceStub", "SFA.DAS.EmploymentCheck.TokenServiceStub\SFA.DAS.EmploymentCheck.TokenServiceStub.csproj", "{AAE799FC-AA2E-4652-B1AD-592DDC7EDAEC}"
EndProject
Project("{2150E333-8FDC-42A3-9474-1A3956D46DE8}") = "Tools", "Tools", "{5A89EB66-4C7B-4CEB-93BE-DD8DE0182F60}"
EndProject
Project("{9A19103F-16F7-4668-BE54-9A1E7A4F7556}") = "SFA.DAS.EmploymentCheck.TestHarness", "SFA.DAS.EmploymentCheck.TestHarness\SFA.DAS.EmploymentCheck.TestHarness.csproj", "{CD58C8E3-703B-4B6E-9609-195BBDDC47B9}"
EndProject
Project("{9A19103F-16F7-4668-BE54-9A1E7A4F7556}") = "SFA.DAS.EmploymentCheck.TokenServiceStub", "SFA.DAS.EmploymentCheck.TokenServiceStub\SFA.DAS.EmploymentCheck.TokenServiceStub.csproj", "{AAE799FC-AA2E-4652-B1AD-592DDC7EDAEC}"
EndProject
Project("{2150E333-8FDC-42A3-9474-1A3956D46DE8}") = "Tools", "Tools", "{5A89EB66-4C7B-4CEB-93BE-DD8DE0182F60}"
EndProject
Project("{FAE04EC0-301F-11D3-BF4B-00C04F79EFBC}") = "SFA.DAS.EmploymentCheck.DataSeeder", "SFA.DAS.EmploymentCheck.DataSeeder\SFA.DAS.EmploymentCheck.DataSeeder.csproj", "{2876F123-8DAF-4409-9CBF-5A94D2CEF947}"
EndProject
Project("{9A19103F-16F7-4668-BE54-9A1E7A4F7556}") = "SFA.DAS.EmploymentCheck.Functions.UnitTests", "SFA.DAS.EmploymentCheck.Functions.UnitTests\SFA.DAS.EmploymentCheck.Functions.UnitTests.csproj", "{0D4E1F2A-C536-497D-B645-179F42E50CB8}"
EndProject
Project("{FAE04EC0-301F-11D3-BF4B-00C04F79EFBC}") = "SFA.DAS.EmploymentCheck.Data.IntegrationTests", "SFA.DAS.EmploymentCheck.Data.IntegrationTests\SFA.DAS.EmploymentCheck.Data.IntegrationTests.csproj", "{34D3C0FB-9612-4357-9457-16412607CACF}"
EndProject
Global
	GlobalSection(SolutionConfigurationPlatforms) = preSolution
		Debug|Any CPU = Debug|Any CPU
		Release|Any CPU = Release|Any CPU
	EndGlobalSection
	GlobalSection(ProjectConfigurationPlatforms) = postSolution
		{8A55EB79-ED7B-47E9-A3EB-B5043371C356}.Debug|Any CPU.ActiveCfg = Debug|Any CPU
		{8A55EB79-ED7B-47E9-A3EB-B5043371C356}.Debug|Any CPU.Build.0 = Debug|Any CPU
		{8A55EB79-ED7B-47E9-A3EB-B5043371C356}.Debug|Any CPU.Deploy.0 = Debug|Any CPU
		{8A55EB79-ED7B-47E9-A3EB-B5043371C356}.Release|Any CPU.ActiveCfg = Release|Any CPU
		{8A55EB79-ED7B-47E9-A3EB-B5043371C356}.Release|Any CPU.Build.0 = Release|Any CPU
		{8A55EB79-ED7B-47E9-A3EB-B5043371C356}.Release|Any CPU.Deploy.0 = Release|Any CPU
		{5E0EACCB-983C-4431-985B-97246E23BFDB}.Debug|Any CPU.ActiveCfg = Debug|Any CPU
		{5E0EACCB-983C-4431-985B-97246E23BFDB}.Debug|Any CPU.Build.0 = Debug|Any CPU
		{5E0EACCB-983C-4431-985B-97246E23BFDB}.Release|Any CPU.ActiveCfg = Release|Any CPU
		{5E0EACCB-983C-4431-985B-97246E23BFDB}.Release|Any CPU.Build.0 = Release|Any CPU
		{CD58C8E3-703B-4B6E-9609-195BBDDC47B9}.Debug|Any CPU.ActiveCfg = Debug|Any CPU
		{CD58C8E3-703B-4B6E-9609-195BBDDC47B9}.Debug|Any CPU.Build.0 = Debug|Any CPU
		{CD58C8E3-703B-4B6E-9609-195BBDDC47B9}.Release|Any CPU.ActiveCfg = Release|Any CPU
		{CD58C8E3-703B-4B6E-9609-195BBDDC47B9}.Release|Any CPU.Build.0 = Release|Any CPU
		{AAE799FC-AA2E-4652-B1AD-592DDC7EDAEC}.Debug|Any CPU.ActiveCfg = Debug|Any CPU
		{AAE799FC-AA2E-4652-B1AD-592DDC7EDAEC}.Debug|Any CPU.Build.0 = Debug|Any CPU
		{AAE799FC-AA2E-4652-B1AD-592DDC7EDAEC}.Release|Any CPU.ActiveCfg = Release|Any CPU
		{AAE799FC-AA2E-4652-B1AD-592DDC7EDAEC}.Release|Any CPU.Build.0 = Release|Any CPU
		{2876F123-8DAF-4409-9CBF-5A94D2CEF947}.Debug|Any CPU.ActiveCfg = Debug|Any CPU
		{2876F123-8DAF-4409-9CBF-5A94D2CEF947}.Debug|Any CPU.Build.0 = Debug|Any CPU
		{2876F123-8DAF-4409-9CBF-5A94D2CEF947}.Release|Any CPU.ActiveCfg = Release|Any CPU
		{2876F123-8DAF-4409-9CBF-5A94D2CEF947}.Release|Any CPU.Build.0 = Release|Any CPU
		{0D4E1F2A-C536-497D-B645-179F42E50CB8}.Debug|Any CPU.ActiveCfg = Debug|Any CPU
		{0D4E1F2A-C536-497D-B645-179F42E50CB8}.Debug|Any CPU.Build.0 = Debug|Any CPU
		{0D4E1F2A-C536-497D-B645-179F42E50CB8}.Release|Any CPU.ActiveCfg = Release|Any CPU
		{0D4E1F2A-C536-497D-B645-179F42E50CB8}.Release|Any CPU.Build.0 = Release|Any CPU
		{34D3C0FB-9612-4357-9457-16412607CACF}.Debug|Any CPU.ActiveCfg = Debug|Any CPU
		{34D3C0FB-9612-4357-9457-16412607CACF}.Debug|Any CPU.Build.0 = Debug|Any CPU
		{34D3C0FB-9612-4357-9457-16412607CACF}.Release|Any CPU.ActiveCfg = Release|Any CPU
		{34D3C0FB-9612-4357-9457-16412607CACF}.Release|Any CPU.Build.0 = Release|Any CPU
	EndGlobalSection
	GlobalSection(SolutionProperties) = preSolution
		HideSolutionNode = FALSE
	EndGlobalSection
	GlobalSection(NestedProjects) = preSolution
		{2876F123-8DAF-4409-9CBF-5A94D2CEF947} = {5A89EB66-4C7B-4CEB-93BE-DD8DE0182F60}
		{2876F123-8DAF-4409-9CBF-5A94D2CEF947} = {5A89EB66-4C7B-4CEB-93BE-DD8DE0182F60}
		{0D4E1F2A-C536-497D-B645-179F42E50CB8} = {B5324D91-FA6E-4538-86ED-92A14B602EA5}
		{34D3C0FB-9612-4357-9457-16412607CACF} = {B5324D91-FA6E-4538-86ED-92A14B602EA5}
	EndGlobalSection
	GlobalSection(ExtensibilityGlobals) = postSolution
		SolutionGuid = {281C331D-5A42-42E4-AA0A-E82FB88EA18C}
	EndGlobalSection
EndGlobal
