
Microsoft Visual Studio Solution File, Format Version 12.00
# Visual Studio Version 17
VisualStudioVersion = 17.0.31919.166
MinimumVisualStudioVersion = 10.0.40219.1
Project("{2150E333-8FDC-42A3-9474-1A3956D46DE8}") = "Tests", "Tests", "{B5324D91-FA6E-4538-86ED-92A14B602EA5}"
EndProject
Project("{00D1A9C2-B5F0-4AF3-8072-F6C62B433612}") = "SFA.DAS.EmploymentCheck.Database", "SFA.DAS.EmploymentCheck.Database\SFA.DAS.EmploymentCheck.Database.sqlproj", "{8A55EB79-ED7B-47E9-A3EB-B5043371C356}"
EndProject
Project("{9A19103F-16F7-4668-BE54-9A1E7A4F7556}") = "SFA.DAS.EmploymentCheck.Functions", "SFA.DAS.EmploymentCheck.Functions\SFA.DAS.EmploymentCheck.Functions.csproj", "{5E0EACCB-983C-4431-985B-97246E23BFDB}"
EndProject
Project("{9A19103F-16F7-4668-BE54-9A1E7A4F7556}") = "SFA.DAS.EmploymentCheck.TestHarness", "SFA.DAS.EmploymentCheck.TestHarness\SFA.DAS.EmploymentCheck.TestHarness.csproj", "{CD58C8E3-703B-4B6E-9609-195BBDDC47B9}"
EndProject
Project("{9A19103F-16F7-4668-BE54-9A1E7A4F7556}") = "SFA.DAS.EmploymentCheck.TokenServiceStub", "SFA.DAS.EmploymentCheck.TokenServiceStub\SFA.DAS.EmploymentCheck.TokenServiceStub.csproj", "{AAE799FC-AA2E-4652-B1AD-592DDC7EDAEC}"
EndProject
Project("{2150E333-8FDC-42A3-9474-1A3956D46DE8}") = "Tools", "Tools", "{5A89EB66-4C7B-4CEB-93BE-DD8DE0182F60}"
EndProject
Project("{9A19103F-16F7-4668-BE54-9A1E7A4F7556}") = "SFA.DAS.EmploymentCheck.DataSeeder", "SFA.DAS.EmploymentCheck.DataSeeder\SFA.DAS.EmploymentCheck.DataSeeder.csproj", "{2876F123-8DAF-4409-9CBF-5A94D2CEF947}"
EndProject
Project("{9A19103F-16F7-4668-BE54-9A1E7A4F7556}") = "SFA.DAS.EmploymentCheck.Functions.UnitTests", "SFA.DAS.EmploymentCheck.Functions.UnitTests\SFA.DAS.EmploymentCheck.Functions.UnitTests.csproj", "{0D4E1F2A-C536-497D-B645-179F42E50CB8}"
EndProject
Project("{9A19103F-16F7-4668-BE54-9A1E7A4F7556}") = "SFA.DAS.EmploymentCheck.Data.IntegrationTests", "SFA.DAS.EmploymentCheck.Data.IntegrationTests\SFA.DAS.EmploymentCheck.Data.IntegrationTests.csproj", "{21BAB1EF-3ABC-47C1-9E7A-B685EE8B7BED}"
EndProject
Project("{2150E333-8FDC-42A3-9474-1A3956D46DE8}") = "Application", "Application", "{3B0EEC17-FB0C-4542-B0DC-3FE4B5D099CB}"
EndProject
Project("{9A19103F-16F7-4668-BE54-9A1E7A4F7556}") = "SFA.DAS.EmploymentCheck.Application", "SFA.DAS.EmploymentCheck.Application\SFA.DAS.EmploymentCheck.Application.csproj", "{4C321E79-FE3E-449A-9773-7C44A22713C6}"
EndProject
Project("{9A19103F-16F7-4668-BE54-9A1E7A4F7556}") = "SFA.DAS.EmploymentCheck.Commands", "SFA.DAS.EmploymentCheck.Commands\SFA.DAS.EmploymentCheck.Commands.csproj", "{79014FA3-9C55-4E64-8918-3F79F5510EE5}"
EndProject
Project("{9A19103F-16F7-4668-BE54-9A1E7A4F7556}") = "SFA.DAS.EmploymentCheck.Domain", "SFA.DAS.EmploymentCheck.Domain\SFA.DAS.EmploymentCheck.Domain.csproj", "{A29840F9-C738-4E14-A208-DC5A22E146DB}"
EndProject
Project("{9A19103F-16F7-4668-BE54-9A1E7A4F7556}") = "SFA.DAS.EmploymentCheck.Queries", "SFA.DAS.EmploymentCheck.Queries\SFA.DAS.EmploymentCheck.Queries.csproj", "{76EE72C9-BA25-4AF2-A1F6-B082132137B9}"
EndProject
Project("{2150E333-8FDC-42A3-9474-1A3956D46DE8}") = "Data", "Data", "{D32A3575-5FBE-4E5F-AA4E-DBC9E07D978C}"
EndProject
Project("{9A19103F-16F7-4668-BE54-9A1E7A4F7556}") = "SFA.DAS.EmploymentCheck.Data", "SFA.DAS.EmploymentCheck.Data\SFA.DAS.EmploymentCheck.Data.csproj", "{49C02559-6E71-4E29-A858-BC7323D36F03}"
EndProject
Project("{9A19103F-16F7-4668-BE54-9A1E7A4F7556}") = "SFA.DAS.EmploymentCheck.Api", "SFA.DAS.EmploymentCheck.Api\SFA.DAS.EmploymentCheck.Api.csproj", "{55EBF7A1-E414-41EB-9B08-355D79462F73}"
EndProject
Project("{2150E333-8FDC-42A3-9474-1A3956D46DE8}") = "Infrastructure", "Infrastructure", "{A96249E4-43B2-499A-B168-85E60E3E02EA}"
EndProject
Project("{9A19103F-16F7-4668-BE54-9A1E7A4F7556}") = "SFA.DAS.EmploymentCheck.Infrastructure", "SFA.DAS.EmploymentCheck.Infrastructure\SFA.DAS.EmploymentCheck.Infrastructure.csproj", "{C9508318-E575-440A-A798-0FF6241D3A20}"
EndProject
Global
	GlobalSection(SolutionConfigurationPlatforms) = preSolution
		Debug|Any CPU = Debug|Any CPU
		Release|Any CPU = Release|Any CPU
	EndGlobalSection
	GlobalSection(ProjectConfigurationPlatforms) = postSolution
		{8A55EB79-ED7B-47E9-A3EB-B5043371C356}.Debug|Any CPU.ActiveCfg = Debug|Any CPU
		{8A55EB79-ED7B-47E9-A3EB-B5043371C356}.Debug|Any CPU.Build.0 = Debug|Any CPU
		{8A55EB79-ED7B-47E9-A3EB-B5043371C356}.Debug|Any CPU.Deploy.0 = Debug|Any CPU
		{8A55EB79-ED7B-47E9-A3EB-B5043371C356}.Release|Any CPU.ActiveCfg = Release|Any CPU
		{8A55EB79-ED7B-47E9-A3EB-B5043371C356}.Release|Any CPU.Build.0 = Release|Any CPU
		{8A55EB79-ED7B-47E9-A3EB-B5043371C356}.Release|Any CPU.Deploy.0 = Release|Any CPU
		{5E0EACCB-983C-4431-985B-97246E23BFDB}.Debug|Any CPU.ActiveCfg = Debug|Any CPU
		{5E0EACCB-983C-4431-985B-97246E23BFDB}.Debug|Any CPU.Build.0 = Debug|Any CPU
		{5E0EACCB-983C-4431-985B-97246E23BFDB}.Release|Any CPU.ActiveCfg = Release|Any CPU
		{5E0EACCB-983C-4431-985B-97246E23BFDB}.Release|Any CPU.Build.0 = Release|Any CPU
		{CD58C8E3-703B-4B6E-9609-195BBDDC47B9}.Debug|Any CPU.ActiveCfg = Debug|Any CPU
		{CD58C8E3-703B-4B6E-9609-195BBDDC47B9}.Debug|Any CPU.Build.0 = Debug|Any CPU
		{CD58C8E3-703B-4B6E-9609-195BBDDC47B9}.Release|Any CPU.ActiveCfg = Release|Any CPU
		{CD58C8E3-703B-4B6E-9609-195BBDDC47B9}.Release|Any CPU.Build.0 = Release|Any CPU
		{AAE799FC-AA2E-4652-B1AD-592DDC7EDAEC}.Debug|Any CPU.ActiveCfg = Debug|Any CPU
		{AAE799FC-AA2E-4652-B1AD-592DDC7EDAEC}.Debug|Any CPU.Build.0 = Debug|Any CPU
		{AAE799FC-AA2E-4652-B1AD-592DDC7EDAEC}.Release|Any CPU.ActiveCfg = Release|Any CPU
		{AAE799FC-AA2E-4652-B1AD-592DDC7EDAEC}.Release|Any CPU.Build.0 = Release|Any CPU
		{2876F123-8DAF-4409-9CBF-5A94D2CEF947}.Debug|Any CPU.ActiveCfg = Debug|Any CPU
		{2876F123-8DAF-4409-9CBF-5A94D2CEF947}.Debug|Any CPU.Build.0 = Debug|Any CPU
		{2876F123-8DAF-4409-9CBF-5A94D2CEF947}.Release|Any CPU.ActiveCfg = Release|Any CPU
		{2876F123-8DAF-4409-9CBF-5A94D2CEF947}.Release|Any CPU.Build.0 = Release|Any CPU
		{0D4E1F2A-C536-497D-B645-179F42E50CB8}.Debug|Any CPU.ActiveCfg = Debug|Any CPU
		{0D4E1F2A-C536-497D-B645-179F42E50CB8}.Debug|Any CPU.Build.0 = Debug|Any CPU
		{0D4E1F2A-C536-497D-B645-179F42E50CB8}.Release|Any CPU.ActiveCfg = Release|Any CPU
		{0D4E1F2A-C536-497D-B645-179F42E50CB8}.Release|Any CPU.Build.0 = Release|Any CPU
		{21BAB1EF-3ABC-47C1-9E7A-B685EE8B7BED}.Debug|Any CPU.ActiveCfg = Debug|Any CPU
		{21BAB1EF-3ABC-47C1-9E7A-B685EE8B7BED}.Debug|Any CPU.Build.0 = Debug|Any CPU
		{21BAB1EF-3ABC-47C1-9E7A-B685EE8B7BED}.Release|Any CPU.ActiveCfg = Release|Any CPU
		{21BAB1EF-3ABC-47C1-9E7A-B685EE8B7BED}.Release|Any CPU.Build.0 = Release|Any CPU
		{4C321E79-FE3E-449A-9773-7C44A22713C6}.Debug|Any CPU.ActiveCfg = Debug|Any CPU
		{4C321E79-FE3E-449A-9773-7C44A22713C6}.Debug|Any CPU.Build.0 = Debug|Any CPU
		{4C321E79-FE3E-449A-9773-7C44A22713C6}.Release|Any CPU.ActiveCfg = Release|Any CPU
		{4C321E79-FE3E-449A-9773-7C44A22713C6}.Release|Any CPU.Build.0 = Release|Any CPU
		{79014FA3-9C55-4E64-8918-3F79F5510EE5}.Debug|Any CPU.ActiveCfg = Debug|Any CPU
		{79014FA3-9C55-4E64-8918-3F79F5510EE5}.Debug|Any CPU.Build.0 = Debug|Any CPU
		{79014FA3-9C55-4E64-8918-3F79F5510EE5}.Release|Any CPU.ActiveCfg = Release|Any CPU
		{79014FA3-9C55-4E64-8918-3F79F5510EE5}.Release|Any CPU.Build.0 = Release|Any CPU
		{A29840F9-C738-4E14-A208-DC5A22E146DB}.Debug|Any CPU.ActiveCfg = Debug|Any CPU
		{A29840F9-C738-4E14-A208-DC5A22E146DB}.Debug|Any CPU.Build.0 = Debug|Any CPU
		{A29840F9-C738-4E14-A208-DC5A22E146DB}.Release|Any CPU.ActiveCfg = Release|Any CPU
		{A29840F9-C738-4E14-A208-DC5A22E146DB}.Release|Any CPU.Build.0 = Release|Any CPU
		{76EE72C9-BA25-4AF2-A1F6-B082132137B9}.Debug|Any CPU.ActiveCfg = Debug|Any CPU
		{76EE72C9-BA25-4AF2-A1F6-B082132137B9}.Debug|Any CPU.Build.0 = Debug|Any CPU
		{76EE72C9-BA25-4AF2-A1F6-B082132137B9}.Release|Any CPU.ActiveCfg = Release|Any CPU
		{76EE72C9-BA25-4AF2-A1F6-B082132137B9}.Release|Any CPU.Build.0 = Release|Any CPU
		{49C02559-6E71-4E29-A858-BC7323D36F03}.Debug|Any CPU.ActiveCfg = Debug|Any CPU
		{49C02559-6E71-4E29-A858-BC7323D36F03}.Debug|Any CPU.Build.0 = Debug|Any CPU
		{49C02559-6E71-4E29-A858-BC7323D36F03}.Release|Any CPU.ActiveCfg = Release|Any CPU
		{49C02559-6E71-4E29-A858-BC7323D36F03}.Release|Any CPU.Build.0 = Release|Any CPU
		{55EBF7A1-E414-41EB-9B08-355D79462F73}.Debug|Any CPU.ActiveCfg = Debug|Any CPU
		{55EBF7A1-E414-41EB-9B08-355D79462F73}.Debug|Any CPU.Build.0 = Debug|Any CPU
		{55EBF7A1-E414-41EB-9B08-355D79462F73}.Release|Any CPU.ActiveCfg = Release|Any CPU
		{55EBF7A1-E414-41EB-9B08-355D79462F73}.Release|Any CPU.Build.0 = Release|Any CPU
		{C9508318-E575-440A-A798-0FF6241D3A20}.Debug|Any CPU.ActiveCfg = Debug|Any CPU
		{C9508318-E575-440A-A798-0FF6241D3A20}.Debug|Any CPU.Build.0 = Debug|Any CPU
		{C9508318-E575-440A-A798-0FF6241D3A20}.Release|Any CPU.ActiveCfg = Release|Any CPU
		{C9508318-E575-440A-A798-0FF6241D3A20}.Release|Any CPU.Build.0 = Release|Any CPU
	EndGlobalSection
	GlobalSection(SolutionProperties) = preSolution
		HideSolutionNode = FALSE
	EndGlobalSection
	GlobalSection(NestedProjects) = preSolution
		{8A55EB79-ED7B-47E9-A3EB-B5043371C356} = {D32A3575-5FBE-4E5F-AA4E-DBC9E07D978C}
		{CD58C8E3-703B-4B6E-9609-195BBDDC47B9} = {5A89EB66-4C7B-4CEB-93BE-DD8DE0182F60}
		{AAE799FC-AA2E-4652-B1AD-592DDC7EDAEC} = {5A89EB66-4C7B-4CEB-93BE-DD8DE0182F60}
		{2876F123-8DAF-4409-9CBF-5A94D2CEF947} = {5A89EB66-4C7B-4CEB-93BE-DD8DE0182F60}
		{0D4E1F2A-C536-497D-B645-179F42E50CB8} = {B5324D91-FA6E-4538-86ED-92A14B602EA5}
		{21BAB1EF-3ABC-47C1-9E7A-B685EE8B7BED} = {B5324D91-FA6E-4538-86ED-92A14B602EA5}
		{4C321E79-FE3E-449A-9773-7C44A22713C6} = {3B0EEC17-FB0C-4542-B0DC-3FE4B5D099CB}
		{79014FA3-9C55-4E64-8918-3F79F5510EE5} = {3B0EEC17-FB0C-4542-B0DC-3FE4B5D099CB}
		{A29840F9-C738-4E14-A208-DC5A22E146DB} = {3B0EEC17-FB0C-4542-B0DC-3FE4B5D099CB}
		{76EE72C9-BA25-4AF2-A1F6-B082132137B9} = {3B0EEC17-FB0C-4542-B0DC-3FE4B5D099CB}
		{49C02559-6E71-4E29-A858-BC7323D36F03} = {D32A3575-5FBE-4E5F-AA4E-DBC9E07D978C}
		{C9508318-E575-440A-A798-0FF6241D3A20} = {A96249E4-43B2-499A-B168-85E60E3E02EA}
	EndGlobalSection
	GlobalSection(ExtensibilityGlobals) = postSolution
		SolutionGuid = {281C331D-5A42-42E4-AA0A-E82FB88EA18C}
	EndGlobalSection
EndGlobal
